
Microsoft Visual Studio Solution File, Format Version 12.00
Project("{2150E333-8FDC-42A3-9474-1A3956D46DE8}") = "src", "src", "{4068B119-615E-4526-BB11-39A16DB793CA}"
EndProject
Project("{2150E333-8FDC-42A3-9474-1A3956D46DE8}") = "Core", "Core", "{BEF5E627-AA86-4929-8D7C-86F3545D571F}"
EndProject
Project("{2150E333-8FDC-42A3-9474-1A3956D46DE8}") = "Tools", "Tools", "{A8C3C386-75E3-4D26-B592-AB3C179508C9}"
EndProject
Project("{FAE04EC0-301F-11D3-BF4B-00C04F79EFBC}") = "ViaEventAssociation.Core.Tools.OperationResult", "ViaEventAssociation.Core.Tools.OperationResult\ViaEventAssociation.Core.Tools.OperationResult.csproj", "{C96D1BBF-96F1-4817-BFF3-617BEB952931}"
EndProject
Project("{2150E333-8FDC-42A3-9474-1A3956D46DE8}") = "Tests", "Tests", "{0F495B80-DDF2-429A-932C-7D232A2DF872}"
EndProject
Project("{FAE04EC0-301F-11D3-BF4B-00C04F79EFBC}") = "UnitTests", "UnitTests\UnitTests.csproj", "{46475565-4740-4E7D-9D51-CB60AB2FD5E2}"
EndProject
Project("{FAE04EC0-301F-11D3-BF4B-00C04F79EFBC}") = "Documentation", "Documentation\Documentation.csproj", "{F7E48897-6D7C-4491-AC6F-E48ACF92FD03}"
EndProject
Project("{FAE04EC0-301F-11D3-BF4B-00C04F79EFBC}") = "ViaEventAssociation.Core.Domain", "ViaEventAssociation.Core.Domain\ViaEventAssociation.Core.Domain.csproj", "{CE724F73-CEC1-40E9-92D7-B6B653C493B3}"
EndProject
Project("{FAE04EC0-301F-11D3-BF4B-00C04F79EFBC}") = "ViaEventAssociation.Core.Application", "ViaEventAssociation.Core.Application\ViaEventAssociation.Core.Application.csproj", "{E2BC4279-F1D2-448E-A21A-47FAB8C538A0}"
EndProject
Project("{2150E333-8FDC-42A3-9474-1A3956D46DE8}") = "Infrastructure", "Infrastructure", "{BD0D6F2F-978A-46CE-935B-44A279E415EF}"
EndProject
Project("{FAE04EC0-301F-11D3-BF4B-00C04F79EFBC}") = "EfcDmPersistence", "EfcDmPersistence\EfcDmPersistence.csproj", "{7DD3B23D-EA57-43CD-BCA0-98E68A7DDAD9}"
EndProject
Project("{FAE04EC0-301F-11D3-BF4B-00C04F79EFBC}") = "EfcQueries", "EfcQueries\EfcQueries.csproj", "{A5DE6072-8B79-4AD2-BFA3-AFCA10DACC83}"
EndProject
Project("{FAE04EC0-301F-11D3-BF4B-00C04F79EFBC}") = "IntegrationTests", "IntegrationTests\IntegrationTests.csproj", "{B9DF3C2D-A614-4AC6-9780-31C4C3A6BD06}"
EndProject
Global
	GlobalSection(SolutionConfigurationPlatforms) = preSolution
		Debug|Any CPU = Debug|Any CPU
		Release|Any CPU = Release|Any CPU
	EndGlobalSection
	GlobalSection(ProjectConfigurationPlatforms) = postSolution
		{C96D1BBF-96F1-4817-BFF3-617BEB952931}.Debug|Any CPU.ActiveCfg = Debug|Any CPU
		{C96D1BBF-96F1-4817-BFF3-617BEB952931}.Debug|Any CPU.Build.0 = Debug|Any CPU
		{C96D1BBF-96F1-4817-BFF3-617BEB952931}.Release|Any CPU.ActiveCfg = Release|Any CPU
		{C96D1BBF-96F1-4817-BFF3-617BEB952931}.Release|Any CPU.Build.0 = Release|Any CPU
		{46475565-4740-4E7D-9D51-CB60AB2FD5E2}.Debug|Any CPU.ActiveCfg = Debug|Any CPU
		{46475565-4740-4E7D-9D51-CB60AB2FD5E2}.Debug|Any CPU.Build.0 = Debug|Any CPU
		{46475565-4740-4E7D-9D51-CB60AB2FD5E2}.Release|Any CPU.ActiveCfg = Release|Any CPU
		{46475565-4740-4E7D-9D51-CB60AB2FD5E2}.Release|Any CPU.Build.0 = Release|Any CPU
		{F7E48897-6D7C-4491-AC6F-E48ACF92FD03}.Debug|Any CPU.ActiveCfg = Debug|Any CPU
		{F7E48897-6D7C-4491-AC6F-E48ACF92FD03}.Debug|Any CPU.Build.0 = Debug|Any CPU
		{F7E48897-6D7C-4491-AC6F-E48ACF92FD03}.Release|Any CPU.ActiveCfg = Release|Any CPU
		{F7E48897-6D7C-4491-AC6F-E48ACF92FD03}.Release|Any CPU.Build.0 = Release|Any CPU
		{CE724F73-CEC1-40E9-92D7-B6B653C493B3}.Debug|Any CPU.ActiveCfg = Debug|Any CPU
		{CE724F73-CEC1-40E9-92D7-B6B653C493B3}.Debug|Any CPU.Build.0 = Debug|Any CPU
		{CE724F73-CEC1-40E9-92D7-B6B653C493B3}.Release|Any CPU.ActiveCfg = Release|Any CPU
		{CE724F73-CEC1-40E9-92D7-B6B653C493B3}.Release|Any CPU.Build.0 = Release|Any CPU
		{E2BC4279-F1D2-448E-A21A-47FAB8C538A0}.Debug|Any CPU.ActiveCfg = Debug|Any CPU
		{E2BC4279-F1D2-448E-A21A-47FAB8C538A0}.Debug|Any CPU.Build.0 = Debug|Any CPU
		{E2BC4279-F1D2-448E-A21A-47FAB8C538A0}.Release|Any CPU.ActiveCfg = Release|Any CPU
		{E2BC4279-F1D2-448E-A21A-47FAB8C538A0}.Release|Any CPU.Build.0 = Release|Any CPU
		{7DD3B23D-EA57-43CD-BCA0-98E68A7DDAD9}.Debug|Any CPU.ActiveCfg = Debug|Any CPU
		{7DD3B23D-EA57-43CD-BCA0-98E68A7DDAD9}.Debug|Any CPU.Build.0 = Debug|Any CPU
		{7DD3B23D-EA57-43CD-BCA0-98E68A7DDAD9}.Release|Any CPU.ActiveCfg = Release|Any CPU
		{7DD3B23D-EA57-43CD-BCA0-98E68A7DDAD9}.Release|Any CPU.Build.0 = Release|Any CPU
		{A5DE6072-8B79-4AD2-BFA3-AFCA10DACC83}.Debug|Any CPU.ActiveCfg = Debug|Any CPU
		{A5DE6072-8B79-4AD2-BFA3-AFCA10DACC83}.Debug|Any CPU.Build.0 = Debug|Any CPU
		{A5DE6072-8B79-4AD2-BFA3-AFCA10DACC83}.Release|Any CPU.ActiveCfg = Release|Any CPU
		{A5DE6072-8B79-4AD2-BFA3-AFCA10DACC83}.Release|Any CPU.Build.0 = Release|Any CPU
		{B9DF3C2D-A614-4AC6-9780-31C4C3A6BD06}.Debug|Any CPU.ActiveCfg = Debug|Any CPU
		{B9DF3C2D-A614-4AC6-9780-31C4C3A6BD06}.Debug|Any CPU.Build.0 = Debug|Any CPU
		{B9DF3C2D-A614-4AC6-9780-31C4C3A6BD06}.Release|Any CPU.ActiveCfg = Release|Any CPU
		{B9DF3C2D-A614-4AC6-9780-31C4C3A6BD06}.Release|Any CPU.Build.0 = Release|Any CPU
	EndGlobalSection
	GlobalSection(NestedProjects) = preSolution
		{BEF5E627-AA86-4929-8D7C-86F3545D571F} = {4068B119-615E-4526-BB11-39A16DB793CA}
		{A8C3C386-75E3-4D26-B592-AB3C179508C9} = {BEF5E627-AA86-4929-8D7C-86F3545D571F}
		{C96D1BBF-96F1-4817-BFF3-617BEB952931} = {A8C3C386-75E3-4D26-B592-AB3C179508C9}
		{46475565-4740-4E7D-9D51-CB60AB2FD5E2} = {0F495B80-DDF2-429A-932C-7D232A2DF872}
		{CE724F73-CEC1-40E9-92D7-B6B653C493B3} = {BEF5E627-AA86-4929-8D7C-86F3545D571F}
		{E2BC4279-F1D2-448E-A21A-47FAB8C538A0} = {BEF5E627-AA86-4929-8D7C-86F3545D571F}
		{BD0D6F2F-978A-46CE-935B-44A279E415EF} = {4068B119-615E-4526-BB11-39A16DB793CA}
		{7DD3B23D-EA57-43CD-BCA0-98E68A7DDAD9} = {BD0D6F2F-978A-46CE-935B-44A279E415EF}
		{A5DE6072-8B79-4AD2-BFA3-AFCA10DACC83} = {BD0D6F2F-978A-46CE-935B-44A279E415EF}
		{B9DF3C2D-A614-4AC6-9780-31C4C3A6BD06} = {0F495B80-DDF2-429A-932C-7D232A2DF872}
	EndGlobalSection
EndGlobal
